
Microsoft Visual Studio Solution File, Format Version 12.00
# Visual Studio Version 17
VisualStudioVersion = 17.14.35906.104 d17.14
MinimumVisualStudioVersion = 10.0.40219.1
Project("{FAE04EC0-301F-11D3-BF4B-00C04F79EFBC}") = "TournamentManager", "TournamentManager\TournamentManager.csproj", "{B33F75D4-5B11-4CF4-BA38-21CB879164BC}"
EndProject
Global
	GlobalSection(SolutionConfigurationPlatforms) = preSolution
		Debug|Any CPU = Debug|Any CPU
		Release|Any CPU = Release|Any CPU
	EndGlobalSection
	GlobalSection(ProjectConfigurationPlatforms) = postSolution
		{B33F75D4-5B11-4CF4-BA38-21CB879164BC}.Debug|Any CPU.ActiveCfg = Debug|Any CPU
		{B33F75D4-5B11-4CF4-BA38-21CB879164BC}.Debug|Any CPU.Build.0 = Debug|Any CPU
		{B33F75D4-5B11-4CF4-BA38-21CB879164BC}.Release|Any CPU.ActiveCfg = Release|Any CPU
		{B33F75D4-5B11-4CF4-BA38-21CB879164BC}.Release|Any CPU.Build.0 = Release|Any CPU
	EndGlobalSection
	GlobalSection(SolutionProperties) = preSolution
		HideSolutionNode = FALSE
	EndGlobalSection
	GlobalSection(ExtensibilityGlobals) = postSolution
		SolutionGuid = {29039DA6-25A2-48D0-8920-7A739A3B31DA}
	EndGlobalSection
EndGlobal
